
Microsoft Visual Studio Solution File, Format Version 12.00
# Visual Studio Version 16
VisualStudioVersion = 16.0.31727.386
MinimumVisualStudioVersion = 10.0.40219.1
Project("{FAE04EC0-301F-11D3-BF4B-00C04F79EFBC}") = "ConsoleApp1", "ConsoleApp1\ConsoleApp1.csproj", "{BC012F1A-A32C-49E8-B91D-9825088B8C45}"
EndProject
Project("{2150E333-8FDC-42A3-9474-1A3956D46DE8}") = "Solution Items", "Solution Items", "{8A2BBC9F-B61E-407C-A9BE-45B2D2FEF891}"
EndProject
Global
	GlobalSection(SolutionConfigurationPlatforms) = preSolution
		Debug|Any CPU = Debug|Any CPU
		Release|Any CPU = Release|Any CPU
	EndGlobalSection
	GlobalSection(ProjectConfigurationPlatforms) = postSolution
		{BC012F1A-A32C-49E8-B91D-9825088B8C45}.Debug|Any CPU.ActiveCfg = Debug|Any CPU
		{BC012F1A-A32C-49E8-B91D-9825088B8C45}.Debug|Any CPU.Build.0 = Debug|Any CPU
		{BC012F1A-A32C-49E8-B91D-9825088B8C45}.Release|Any CPU.ActiveCfg = Release|Any CPU
		{BC012F1A-A32C-49E8-B91D-9825088B8C45}.Release|Any CPU.Build.0 = Release|Any CPU
	EndGlobalSection
	GlobalSection(SolutionProperties) = preSolution
		HideSolutionNode = FALSE
	EndGlobalSection
	GlobalSection(ExtensibilityGlobals) = postSolution
		SolutionGuid = {433FAF6B-CA15-4969-A810-E606BEF22A42}
	EndGlobalSection
EndGlobal
